
Microsoft Visual Studio Solution File, Format Version 12.00
# Visual Studio Version 16
VisualStudioVersion = 16.0.30225.117
MinimumVisualStudioVersion = 10.0.40219.1
Project("{2150E333-8FDC-42A3-9474-1A3956D46DE8}") = "src", "src", "{F66C886A-E2F5-4133-A599-0BF23D0DF2DC}"
EndProject
Project("{2150E333-8FDC-42A3-9474-1A3956D46DE8}") = "test", "test", "{FA9AFAE1-BCE1-4940-A6D5-4DB669686215}"
EndProject
Project("{FAE04EC0-301F-11D3-BF4B-00C04F79EFBC}") = "Stark.PaymentGateway", "src\Stark.PaymentGateway\Stark.PaymentGateway.csproj", "{C10052B9-7B35-455F-8CDC-B0266F38AB56}"
EndProject
Project("{FAE04EC0-301F-11D3-BF4B-00C04F79EFBC}") = "Stark.PaymentGateway.ComponentTests", "test\Stark.PaymentGateway.ComponentTests\Stark.PaymentGateway.ComponentTests.csproj", "{0CFDC402-3144-4D1A-B049-4DD9395C8859}"
EndProject
Project("{9A19103F-16F7-4668-BE54-9A1E7A4F7556}") = "Stark.PaymentGateway.Application", "src\Stark.PaymentGateway.Application\Stark.PaymentGateway.Application.csproj", "{11936BD9-7EE9-4EF1-B54D-DBC9B927544A}"
EndProject
Project("{2150E333-8FDC-42A3-9474-1A3956D46DE8}") = "lib", "lib", "{9F9D0244-BA1D-47E0-9E62-36F347EC6D8F}"
EndProject
Project("{FAE04EC0-301F-11D3-BF4B-00C04F79EFBC}") = "Stark.CQRS", "lib\Stark.CQRS\Stark.CQRS.csproj", "{0CE22E2E-3C10-44EE-AC1C-B1FD67E18FC2}"
EndProject
Project("{FAE04EC0-301F-11D3-BF4B-00C04F79EFBC}") = "Stark.PaymentGateway.Domain", "src\Stark.PaymentGateway.Domain\Stark.PaymentGateway.Domain.csproj", "{6EEE67B8-EF9A-48EB-B924-98C48C7F39AC}"
EndProject
Project("{FAE04EC0-301F-11D3-BF4B-00C04F79EFBC}") = "Stark.PaymentGateway.Infrastructure", "src\Stark.PaymentGateway.Infrastructure\Stark.PaymentGateway.Infrastructure.csproj", "{08AEBE15-7AB2-4CC0-9CA0-D394B211171F}"
EndProject
Project("{FAE04EC0-301F-11D3-BF4B-00C04F79EFBC}") = "Stark.ES", "lib\Stark.ES\Stark.ES.csproj", "{150A0E8A-ABFB-4050-B7C5-372FD1802D98}"
EndProject
Project("{FAE04EC0-301F-11D3-BF4B-00C04F79EFBC}") = "Stark.EventStore", "lib\Stark.EventStore\Stark.EventStore.csproj", "{942F8C01-3AAB-4569-86DC-1EBDE3048DFC}"
EndProject
Project("{9A19103F-16F7-4668-BE54-9A1E7A4F7556}") = "Stark.Encryption", "lib\Stark.Encryption\Stark.Encryption.csproj", "{FCB73DAA-BA23-4AFE-A563-FBAB5D407652}"
EndProject
Global
	GlobalSection(SolutionConfigurationPlatforms) = preSolution
		Debug|Any CPU = Debug|Any CPU
		Release|Any CPU = Release|Any CPU
	EndGlobalSection
	GlobalSection(ProjectConfigurationPlatforms) = postSolution
		{C10052B9-7B35-455F-8CDC-B0266F38AB56}.Debug|Any CPU.ActiveCfg = Debug|Any CPU
		{C10052B9-7B35-455F-8CDC-B0266F38AB56}.Debug|Any CPU.Build.0 = Debug|Any CPU
		{C10052B9-7B35-455F-8CDC-B0266F38AB56}.Release|Any CPU.ActiveCfg = Release|Any CPU
		{C10052B9-7B35-455F-8CDC-B0266F38AB56}.Release|Any CPU.Build.0 = Release|Any CPU
		{0CFDC402-3144-4D1A-B049-4DD9395C8859}.Debug|Any CPU.ActiveCfg = Debug|Any CPU
		{0CFDC402-3144-4D1A-B049-4DD9395C8859}.Debug|Any CPU.Build.0 = Debug|Any CPU
		{0CFDC402-3144-4D1A-B049-4DD9395C8859}.Release|Any CPU.ActiveCfg = Release|Any CPU
		{0CFDC402-3144-4D1A-B049-4DD9395C8859}.Release|Any CPU.Build.0 = Release|Any CPU
		{11936BD9-7EE9-4EF1-B54D-DBC9B927544A}.Debug|Any CPU.ActiveCfg = Debug|Any CPU
		{11936BD9-7EE9-4EF1-B54D-DBC9B927544A}.Debug|Any CPU.Build.0 = Debug|Any CPU
		{11936BD9-7EE9-4EF1-B54D-DBC9B927544A}.Release|Any CPU.ActiveCfg = Release|Any CPU
		{11936BD9-7EE9-4EF1-B54D-DBC9B927544A}.Release|Any CPU.Build.0 = Release|Any CPU
		{0CE22E2E-3C10-44EE-AC1C-B1FD67E18FC2}.Debug|Any CPU.ActiveCfg = Debug|Any CPU
		{0CE22E2E-3C10-44EE-AC1C-B1FD67E18FC2}.Debug|Any CPU.Build.0 = Debug|Any CPU
		{0CE22E2E-3C10-44EE-AC1C-B1FD67E18FC2}.Release|Any CPU.ActiveCfg = Release|Any CPU
		{0CE22E2E-3C10-44EE-AC1C-B1FD67E18FC2}.Release|Any CPU.Build.0 = Release|Any CPU
		{6EEE67B8-EF9A-48EB-B924-98C48C7F39AC}.Debug|Any CPU.ActiveCfg = Debug|Any CPU
		{6EEE67B8-EF9A-48EB-B924-98C48C7F39AC}.Debug|Any CPU.Build.0 = Debug|Any CPU
		{6EEE67B8-EF9A-48EB-B924-98C48C7F39AC}.Release|Any CPU.ActiveCfg = Release|Any CPU
		{6EEE67B8-EF9A-48EB-B924-98C48C7F39AC}.Release|Any CPU.Build.0 = Release|Any CPU
		{08AEBE15-7AB2-4CC0-9CA0-D394B211171F}.Debug|Any CPU.ActiveCfg = Debug|Any CPU
		{08AEBE15-7AB2-4CC0-9CA0-D394B211171F}.Debug|Any CPU.Build.0 = Debug|Any CPU
		{08AEBE15-7AB2-4CC0-9CA0-D394B211171F}.Release|Any CPU.ActiveCfg = Release|Any CPU
		{08AEBE15-7AB2-4CC0-9CA0-D394B211171F}.Release|Any CPU.Build.0 = Release|Any CPU
		{150A0E8A-ABFB-4050-B7C5-372FD1802D98}.Debug|Any CPU.ActiveCfg = Debug|Any CPU
		{150A0E8A-ABFB-4050-B7C5-372FD1802D98}.Debug|Any CPU.Build.0 = Debug|Any CPU
		{150A0E8A-ABFB-4050-B7C5-372FD1802D98}.Release|Any CPU.ActiveCfg = Release|Any CPU
		{150A0E8A-ABFB-4050-B7C5-372FD1802D98}.Release|Any CPU.Build.0 = Release|Any CPU
		{942F8C01-3AAB-4569-86DC-1EBDE3048DFC}.Debug|Any CPU.ActiveCfg = Debug|Any CPU
		{942F8C01-3AAB-4569-86DC-1EBDE3048DFC}.Debug|Any CPU.Build.0 = Debug|Any CPU
		{942F8C01-3AAB-4569-86DC-1EBDE3048DFC}.Release|Any CPU.ActiveCfg = Release|Any CPU
		{942F8C01-3AAB-4569-86DC-1EBDE3048DFC}.Release|Any CPU.Build.0 = Release|Any CPU
		{FCB73DAA-BA23-4AFE-A563-FBAB5D407652}.Debug|Any CPU.ActiveCfg = Debug|Any CPU
		{FCB73DAA-BA23-4AFE-A563-FBAB5D407652}.Debug|Any CPU.Build.0 = Debug|Any CPU
		{FCB73DAA-BA23-4AFE-A563-FBAB5D407652}.Release|Any CPU.ActiveCfg = Release|Any CPU
		{FCB73DAA-BA23-4AFE-A563-FBAB5D407652}.Release|Any CPU.Build.0 = Release|Any CPU
	EndGlobalSection
	GlobalSection(SolutionProperties) = preSolution
		HideSolutionNode = FALSE
	EndGlobalSection
	GlobalSection(NestedProjects) = preSolution
		{C10052B9-7B35-455F-8CDC-B0266F38AB56} = {F66C886A-E2F5-4133-A599-0BF23D0DF2DC}
		{0CFDC402-3144-4D1A-B049-4DD9395C8859} = {FA9AFAE1-BCE1-4940-A6D5-4DB669686215}
		{11936BD9-7EE9-4EF1-B54D-DBC9B927544A} = {F66C886A-E2F5-4133-A599-0BF23D0DF2DC}
		{0CE22E2E-3C10-44EE-AC1C-B1FD67E18FC2} = {9F9D0244-BA1D-47E0-9E62-36F347EC6D8F}
		{6EEE67B8-EF9A-48EB-B924-98C48C7F39AC} = {F66C886A-E2F5-4133-A599-0BF23D0DF2DC}
		{08AEBE15-7AB2-4CC0-9CA0-D394B211171F} = {F66C886A-E2F5-4133-A599-0BF23D0DF2DC}
		{150A0E8A-ABFB-4050-B7C5-372FD1802D98} = {9F9D0244-BA1D-47E0-9E62-36F347EC6D8F}
		{942F8C01-3AAB-4569-86DC-1EBDE3048DFC} = {9F9D0244-BA1D-47E0-9E62-36F347EC6D8F}
		{FCB73DAA-BA23-4AFE-A563-FBAB5D407652} = {9F9D0244-BA1D-47E0-9E62-36F347EC6D8F}
	EndGlobalSection
	GlobalSection(ExtensibilityGlobals) = postSolution
		SolutionGuid = {22FB52A3-08F3-43A3-BE51-DDD15AA1BD23}
	EndGlobalSection
EndGlobal
